
Microsoft Visual Studio Solution File, Format Version 12.00
# Visual Studio Version 16
VisualStudioVersion = 16.0.30011.22
MinimumVisualStudioVersion = 10.0.40219.1
Project("{FAE04EC0-301F-11D3-BF4B-00C04F79EFBC}") = "BookStoreWebAPI", "BookStoreWebAPI.csproj", "{8B80E28B-949C-4BA9-8E42-121C45BE412B}"
EndProject
Project("{FAE04EC0-301F-11D3-BF4B-00C04F79EFBC}") = "Model", "..\Model\Model.csproj", "{2F162E11-FC2A-4E8F-869F-989D188A1B2D}"
EndProject
Project("{FAE04EC0-301F-11D3-BF4B-00C04F79EFBC}") = "Repository", "..\Repository\Repository.csproj", "{DAB60298-6BC8-4152-8AAF-69C4FE82FD3B}"
EndProject
Project("{FAE04EC0-301F-11D3-BF4B-00C04F79EFBC}") = "Manager", "..\Manager\Manager.csproj", "{53EAE1BA-272E-43E6-87CA-8AD97C0165E6}"
EndProject
Global
	GlobalSection(SolutionConfigurationPlatforms) = preSolution
		Debug|Any CPU = Debug|Any CPU
		Release|Any CPU = Release|Any CPU
	EndGlobalSection
	GlobalSection(ProjectConfigurationPlatforms) = postSolution
		{8B80E28B-949C-4BA9-8E42-121C45BE412B}.Debug|Any CPU.ActiveCfg = Debug|Any CPU
		{8B80E28B-949C-4BA9-8E42-121C45BE412B}.Debug|Any CPU.Build.0 = Debug|Any CPU
		{8B80E28B-949C-4BA9-8E42-121C45BE412B}.Release|Any CPU.ActiveCfg = Release|Any CPU
		{8B80E28B-949C-4BA9-8E42-121C45BE412B}.Release|Any CPU.Build.0 = Release|Any CPU
		{2F162E11-FC2A-4E8F-869F-989D188A1B2D}.Debug|Any CPU.ActiveCfg = Debug|Any CPU
		{2F162E11-FC2A-4E8F-869F-989D188A1B2D}.Debug|Any CPU.Build.0 = Debug|Any CPU
		{2F162E11-FC2A-4E8F-869F-989D188A1B2D}.Release|Any CPU.ActiveCfg = Release|Any CPU
		{2F162E11-FC2A-4E8F-869F-989D188A1B2D}.Release|Any CPU.Build.0 = Release|Any CPU
		{DAB60298-6BC8-4152-8AAF-69C4FE82FD3B}.Debug|Any CPU.ActiveCfg = Debug|Any CPU
		{DAB60298-6BC8-4152-8AAF-69C4FE82FD3B}.Debug|Any CPU.Build.0 = Debug|Any CPU
		{DAB60298-6BC8-4152-8AAF-69C4FE82FD3B}.Release|Any CPU.ActiveCfg = Release|Any CPU
		{DAB60298-6BC8-4152-8AAF-69C4FE82FD3B}.Release|Any CPU.Build.0 = Release|Any CPU
		{53EAE1BA-272E-43E6-87CA-8AD97C0165E6}.Debug|Any CPU.ActiveCfg = Debug|Any CPU
		{53EAE1BA-272E-43E6-87CA-8AD97C0165E6}.Debug|Any CPU.Build.0 = Debug|Any CPU
		{53EAE1BA-272E-43E6-87CA-8AD97C0165E6}.Release|Any CPU.ActiveCfg = Release|Any CPU
		{53EAE1BA-272E-43E6-87CA-8AD97C0165E6}.Release|Any CPU.Build.0 = Release|Any CPU
	EndGlobalSection
	GlobalSection(SolutionProperties) = preSolution
		HideSolutionNode = FALSE
	EndGlobalSection
	GlobalSection(ExtensibilityGlobals) = postSolution
		SolutionGuid = {FB778380-67B8-4277-8832-6B4E2655F903}
	EndGlobalSection
EndGlobal
